
Microsoft Visual Studio Solution File, Format Version 12.00
# Visual Studio 15
VisualStudioVersion = 15.0.27428.2037
MinimumVisualStudioVersion = 10.0.40219.1
Project("{FAE04EC0-301F-11D3-BF4B-00C04F79EFBC}") = "MVCAulaDavid", "MVCAulaDavid\MVCAulaDavid.csproj", "{025D1B38-B26E-48F1-B46B-ADCD84124E44}"
EndProject
Global
	GlobalSection(SolutionConfigurationPlatforms) = preSolution
		Debug|Any CPU = Debug|Any CPU
		Release|Any CPU = Release|Any CPU
	EndGlobalSection
	GlobalSection(ProjectConfigurationPlatforms) = postSolution
		{025D1B38-B26E-48F1-B46B-ADCD84124E44}.Debug|Any CPU.ActiveCfg = Debug|Any CPU
		{025D1B38-B26E-48F1-B46B-ADCD84124E44}.Debug|Any CPU.Build.0 = Debug|Any CPU
		{025D1B38-B26E-48F1-B46B-ADCD84124E44}.Release|Any CPU.ActiveCfg = Release|Any CPU
		{025D1B38-B26E-48F1-B46B-ADCD84124E44}.Release|Any CPU.Build.0 = Release|Any CPU
	EndGlobalSection
	GlobalSection(SolutionProperties) = preSolution
		HideSolutionNode = FALSE
	EndGlobalSection
	GlobalSection(ExtensibilityGlobals) = postSolution
		SolutionGuid = {94A98AB0-0607-4CEC-A59C-518477A15585}
	EndGlobalSection
EndGlobal
